{
  "name": "hackathon",
  "version": "1.0.0",
  "lockfileVersion": 1,
  "requires": true,
  "dependencies": {
    "lodash": {
      "version": "2.4.2",
      "resolved": "https://registry.npmjs.org/lodash/-/lodash-2.4.2.tgz",
      "integrity": "sha1-+t2DS5aDBz2hebPq5tnA0VBT9z4="
    },
    "meanjs": {
      "version": "0.0.1",
      "resolved": "https://registry.npmjs.org/meanjs/-/meanjs-0.0.1.tgz",
      "integrity": "sha1-B6uD9KU8t3BzBa3DvcPe2Cau+bo=",
      "requires": {
        "lodash": "~2.4.x"
      }
    }
  }
}
